
Microsoft Visual Studio Solution File, Format Version 12.00
Project("{2150E333-8FDC-42A3-9474-1A3956D46DE8}") = "Domain", "Domain", "{4902E8F6-99E9-491B-9D4A-F12248524E42}"
EndProject
Project("{2150E333-8FDC-42A3-9474-1A3956D46DE8}") = "Microservices", "Microservices", "{21773BE0-ECDC-456F-92DA-B5E2F9AC12FB}"
EndProject
Project("{2150E333-8FDC-42A3-9474-1A3956D46DE8}") = "Infrastructure.Bus", "Infrastructure.Bus", "{A69A4C3F-9E6B-4FBD-928F-22391C902697}"
EndProject
Project("{2150E333-8FDC-42A3-9474-1A3956D46DE8}") = "Infrastructure.IoC", "Infrastructure.IoC", "{D272F058-A732-4E55-A500-5D6D93537BD0}"
EndProject
Project("{2150E333-8FDC-42A3-9474-1A3956D46DE8}") = "Presentation", "Presentation", "{F23E83A5-DAFE-49F6-B541-8533238D798A}"
EndProject
Project("{FAE04EC0-301F-11D3-BF4B-00C04F79EFBC}") = "MicroRabbit.Domain.Core", "MicroRabbit.Domain.Core\MicroRabbit.Domain.Core.csproj", "{7A8B5250-D814-4599-A3F3-B3D5D51B7B3F}"
EndProject
Project("{FAE04EC0-301F-11D3-BF4B-00C04F79EFBC}") = "MicroRabbit.Infrastructure.Bus", "MicroRabbit.Infrastructure.Bus\MicroRabbit.Infrastructure.Bus.csproj", "{349B2EDF-FAFA-4EC3-AC14-4DA4CDBFD500}"
EndProject
Project("{FAE04EC0-301F-11D3-BF4B-00C04F79EFBC}") = "MicroRabbit.Infrastructure.IoC", "MicroRabbit.Infrastructure.IoC\MicroRabbit.Infrastructure.IoC.csproj", "{B56E08A3-D8C8-48A9-8340-3D95063BF129}"
EndProject
Project("{2150E333-8FDC-42A3-9474-1A3956D46DE8}") = "Banking", "Banking", "{3A6820DA-62F5-4749-96CF-8E79AD2647B9}"
EndProject
Project("{2150E333-8FDC-42A3-9474-1A3956D46DE8}") = "Api", "Api", "{6B6557A4-6837-4E27-900A-200E7788188B}"
EndProject
Project("{2150E333-8FDC-42A3-9474-1A3956D46DE8}") = "Application", "Application", "{89624C8E-5C5E-4C83-877C-9E46904A34D6}"
EndProject
Project("{2150E333-8FDC-42A3-9474-1A3956D46DE8}") = "Domain", "Domain", "{2A2F4D16-024E-421A-899A-83B34B3B9023}"
EndProject
Project("{2150E333-8FDC-42A3-9474-1A3956D46DE8}") = "Data", "Data", "{6C110F75-1E36-41EB-B66B-28C2B824C924}"
EndProject
Project("{FAE04EC0-301F-11D3-BF4B-00C04F79EFBC}") = "MicroRabbit.Banking.Api", "MicroRabbit.Banking.Api\MicroRabbit.Banking.Api.csproj", "{BDA8D6E2-86D9-4588-AE9E-FC645B287DA9}"
EndProject
Project("{FAE04EC0-301F-11D3-BF4B-00C04F79EFBC}") = "MicroRabbit.Banking.Application", "MicroRabbit.Banking.Application\MicroRabbit.Banking.Application.csproj", "{69E8151E-A47E-4405-9A67-412CC4D50F18}"
EndProject
Project("{FAE04EC0-301F-11D3-BF4B-00C04F79EFBC}") = "MicroRabbit.Banking.Data", "MicroRabbit.Banking.Data\MicroRabbit.Banking.Data.csproj", "{DEB03695-C43E-439E-BF91-EEE9928E7347}"
EndProject
Project("{FAE04EC0-301F-11D3-BF4B-00C04F79EFBC}") = "MicroRabbit.Banking.Domain", "MicroRabbit.Banking.Domain\MicroRabbit.Banking.Domain.csproj", "{D4067652-191C-4398-9FB3-4839C85761FE}"
EndProject
Global
	GlobalSection(SolutionConfigurationPlatforms) = preSolution
		Debug|Any CPU = Debug|Any CPU
		Release|Any CPU = Release|Any CPU
	EndGlobalSection
	GlobalSection(NestedProjects) = preSolution
		{7A8B5250-D814-4599-A3F3-B3D5D51B7B3F} = {4902E8F6-99E9-491B-9D4A-F12248524E42}
		{349B2EDF-FAFA-4EC3-AC14-4DA4CDBFD500} = {A69A4C3F-9E6B-4FBD-928F-22391C902697}
		{B56E08A3-D8C8-48A9-8340-3D95063BF129} = {D272F058-A732-4E55-A500-5D6D93537BD0}
		{3A6820DA-62F5-4749-96CF-8E79AD2647B9} = {21773BE0-ECDC-456F-92DA-B5E2F9AC12FB}
		{6B6557A4-6837-4E27-900A-200E7788188B} = {3A6820DA-62F5-4749-96CF-8E79AD2647B9}
		{89624C8E-5C5E-4C83-877C-9E46904A34D6} = {3A6820DA-62F5-4749-96CF-8E79AD2647B9}
		{2A2F4D16-024E-421A-899A-83B34B3B9023} = {3A6820DA-62F5-4749-96CF-8E79AD2647B9}
		{6C110F75-1E36-41EB-B66B-28C2B824C924} = {3A6820DA-62F5-4749-96CF-8E79AD2647B9}
		{BDA8D6E2-86D9-4588-AE9E-FC645B287DA9} = {6B6557A4-6837-4E27-900A-200E7788188B}
		{69E8151E-A47E-4405-9A67-412CC4D50F18} = {89624C8E-5C5E-4C83-877C-9E46904A34D6}
		{DEB03695-C43E-439E-BF91-EEE9928E7347} = {6C110F75-1E36-41EB-B66B-28C2B824C924}
		{D4067652-191C-4398-9FB3-4839C85761FE} = {2A2F4D16-024E-421A-899A-83B34B3B9023}
	EndGlobalSection
	GlobalSection(ProjectConfigurationPlatforms) = postSolution
		{7A8B5250-D814-4599-A3F3-B3D5D51B7B3F}.Debug|Any CPU.ActiveCfg = Debug|Any CPU
		{7A8B5250-D814-4599-A3F3-B3D5D51B7B3F}.Debug|Any CPU.Build.0 = Debug|Any CPU
		{7A8B5250-D814-4599-A3F3-B3D5D51B7B3F}.Release|Any CPU.ActiveCfg = Release|Any CPU
		{7A8B5250-D814-4599-A3F3-B3D5D51B7B3F}.Release|Any CPU.Build.0 = Release|Any CPU
		{349B2EDF-FAFA-4EC3-AC14-4DA4CDBFD500}.Debug|Any CPU.ActiveCfg = Debug|Any CPU
		{349B2EDF-FAFA-4EC3-AC14-4DA4CDBFD500}.Debug|Any CPU.Build.0 = Debug|Any CPU
		{349B2EDF-FAFA-4EC3-AC14-4DA4CDBFD500}.Release|Any CPU.ActiveCfg = Release|Any CPU
		{349B2EDF-FAFA-4EC3-AC14-4DA4CDBFD500}.Release|Any CPU.Build.0 = Release|Any CPU
		{B56E08A3-D8C8-48A9-8340-3D95063BF129}.Debug|Any CPU.ActiveCfg = Debug|Any CPU
		{B56E08A3-D8C8-48A9-8340-3D95063BF129}.Debug|Any CPU.Build.0 = Debug|Any CPU
		{B56E08A3-D8C8-48A9-8340-3D95063BF129}.Release|Any CPU.ActiveCfg = Release|Any CPU
		{B56E08A3-D8C8-48A9-8340-3D95063BF129}.Release|Any CPU.Build.0 = Release|Any CPU
		{BDA8D6E2-86D9-4588-AE9E-FC645B287DA9}.Debug|Any CPU.ActiveCfg = Debug|Any CPU
		{BDA8D6E2-86D9-4588-AE9E-FC645B287DA9}.Debug|Any CPU.Build.0 = Debug|Any CPU
		{BDA8D6E2-86D9-4588-AE9E-FC645B287DA9}.Release|Any CPU.ActiveCfg = Release|Any CPU
		{BDA8D6E2-86D9-4588-AE9E-FC645B287DA9}.Release|Any CPU.Build.0 = Release|Any CPU
		{69E8151E-A47E-4405-9A67-412CC4D50F18}.Debug|Any CPU.ActiveCfg = Debug|Any CPU
		{69E8151E-A47E-4405-9A67-412CC4D50F18}.Debug|Any CPU.Build.0 = Debug|Any CPU
		{69E8151E-A47E-4405-9A67-412CC4D50F18}.Release|Any CPU.ActiveCfg = Release|Any CPU
		{69E8151E-A47E-4405-9A67-412CC4D50F18}.Release|Any CPU.Build.0 = Release|Any CPU
		{DEB03695-C43E-439E-BF91-EEE9928E7347}.Debug|Any CPU.ActiveCfg = Debug|Any CPU
		{DEB03695-C43E-439E-BF91-EEE9928E7347}.Debug|Any CPU.Build.0 = Debug|Any CPU
		{DEB03695-C43E-439E-BF91-EEE9928E7347}.Release|Any CPU.ActiveCfg = Release|Any CPU
		{DEB03695-C43E-439E-BF91-EEE9928E7347}.Release|Any CPU.Build.0 = Release|Any CPU
		{D4067652-191C-4398-9FB3-4839C85761FE}.Debug|Any CPU.ActiveCfg = Debug|Any CPU
		{D4067652-191C-4398-9FB3-4839C85761FE}.Debug|Any CPU.Build.0 = Debug|Any CPU
		{D4067652-191C-4398-9FB3-4839C85761FE}.Release|Any CPU.ActiveCfg = Release|Any CPU
		{D4067652-191C-4398-9FB3-4839C85761FE}.Release|Any CPU.Build.0 = Release|Any CPU
	EndGlobalSection
EndGlobal
